// !$*UTF8*$!
{
	archiveVersion = 1;
	classes = {
	};
	objectVersion = 50;
	objects = {

/* Begin PBXBuildFile section */
		A3E80CDC23CC9DD2005E6BBB /* AppDelegate.swift in Sources */ = {isa = PBXBuildFile; fileRef = A3E80CDB23CC9DD2005E6BBB /* AppDelegate.swift */; };
		A3E80CDE23CC9DD2005E6BBB /* SceneDelegate.swift in Sources */ = {isa = PBXBuildFile; fileRef = A3E80CDD23CC9DD2005E6BBB /* SceneDelegate.swift */; };
		A3E80CE023CC9DD2005E6BBB /* ViewController.swift in Sources */ = {isa = PBXBuildFile; fileRef = A3E80CDF23CC9DD2005E6BBB /* ViewController.swift */; };
		A3E80CE323CC9DD2005E6BBB /* Main.storyboard in Resources */ = {isa = PBXBuildFile; fileRef = A3E80CE123CC9DD2005E6BBB /* Main.storyboard */; };
		A3E80CE523CC9DD3005E6BBB /* Assets.xcassets in Resources */ = {isa = PBXBuildFile; fileRef = A3E80CE423CC9DD3005E6BBB /* Assets.xcassets */; };
		A3E80CE823CC9DD3005E6BBB /* LaunchScreen.storyboard in Resources */ = {isa = PBXBuildFile; fileRef = A3E80CE623CC9DD3005E6BBB /* LaunchScreen.storyboard */; };
/* End PBXBuildFile section */

/* Begin PBXFileReference section */
		A3E80CD823CC9DD2005E6BBB /* AutoLayout_ClassSize.app */ = {isa = PBXFileReference; explicitFileType = wrapper.application; includeInIndex = 0; path = AutoLayout_ClassSize.app; sourceTree = BUILT_PRODUCTS_DIR; };
		A3E80CDB23CC9DD2005E6BBB /* AppDelegate.swift */ = {isa = PBXFileReference; lastKnownFileType = sourcecode.swift; path = AppDelegate.swift; sourceTree = "<group>"; };
		A3E80CDD23CC9DD2005E6BBB /* SceneDelegate.swift */ = {isa = PBXFileReference; lastKnownFileType = sourcecode.swift; path = SceneDelegate.swift; sourceTree = "<group>"; };
		A3E80CDF23CC9DD2005E6BBB /* ViewController.swift */ = {isa = PBXFileReference; lastKnownFileType = sourcecode.swift; path = ViewController.swift; sourceTree = "<group>"; };
		A3E80CE223CC9DD2005E6BBB /* Base */ = {isa = PBXFileReference; lastKnownFileType = file.storyboard; name = Base; path = Base.lproj/Main.storyboard; sourceTree = "<group>"; };
		A3E80CE423CC9DD3005E6BBB /* Assets.xcassets */ = {isa = PBXFileReference; lastKnownFileType = folder.assetcatalog; path = Assets.xcassets; sourceTree = "<group>"; };
		A3E80CE723CC9DD3005E6BBB /* Base */ = {isa = PBXFileReference; lastKnownFileType = file.storyboard; name = Base; path = Base.lproj/LaunchScreen.storyboard; sourceTree = "<group>"; };
		A3E80CE923CC9DD3005E6BBB /* Info.plist */ = {isa = PBXFileReference; lastKnownFileType = text.plist.xml; path = Info.plist; sourceTree = "<group>"; };
/* End PBXFileReference section */

/* Begin PBXFrameworksBuildPhase section */
		A3E80CD523CC9DD2005E6BBB /* Frameworks */ = {
			isa = PBXFrameworksBuildPhase;
			buildActionMask = 2147483647;
			files = (
			);
			runOnlyForDeploymentPostprocessing = 0;
		};
/* End PBXFrameworksBuildPhase section */

/* Begin PBXGroup section */
		A3E80CCF23CC9DD2005E6BBB = {
			isa = PBXGroup;
			children = (
				A3E80CDA23CC9DD2005E6BBB /* AutoLayout_ClassSize */,
				A3E80CD923CC9DD2005E6BBB /* Products */,
			);
			sourceTree = "<group>";
		};
		A3E80CD923CC9DD2005E6BBB /* Products */ = {
			isa = PBXGroup;
			children = (
				A3E80CD823CC9DD2005E6BBB /* AutoLayout_ClassSize.app */,
			);
			name = Products;
			sourceTree = "<group>";
		};
		A3E80CDA23CC9DD2005E6BBB /* AutoLayout_ClassSize */ = {
			isa = PBXGroup;
			children = (
				A3E80CDB23CC9DD2005E6BBB /* AppDelegate.swift */,
				A3E80CDD23CC9DD2005E6BBB /* SceneDelegate.swift */,
				A3E80CDF23CC9DD2005E6BBB /* ViewController.swift */,
				A3E80CE123CC9DD2005E6BBB /* Main.storyboard */,
				A3E80CE423CC9DD3005E6BBB /* Assets.xcassets */,
				A3E80CE623CC9DD3005E6BBB /* LaunchScreen.storyboard */,
				A3E80CE923CC9DD3005E6BBB /* Info.plist */,
			);
			path = AutoLayout_ClassSize;
			sourceTree = "<group>";
		};
/* End PBXGroup section */

/* Begin PBXNativeTarget section */
		A3E80CD723CC9DD2005E6BBB /* AutoLayout_ClassSize */ = {
			isa = PBXNativeTarget;
			buildConfigurationList = A3E80CEC23CC9DD3005E6BBB /* Build configuration list for PBXNativeTarget "AutoLayout_ClassSize" */;
			buildPhases = (
				A3E80CD423CC9DD2005E6BBB /* Sources */,
				A3E80CD523CC9DD2005E6BBB /* Frameworks */,
				A3E80CD623CC9DD2005E6BBB /* Resources */,
			);
			buildRules = (
			);
			dependencies = (
			);
			name = AutoLayout_ClassSize;
			productName = AutoLayout_ClassSize;
			productReference = A3E80CD823CC9DD2005E6BBB /* AutoLayout_ClassSize.app */;
			productType = "com.apple.product-type.application";
		};
/* End PBXNativeTarget section */

/* Begin PBXProject section */
		A3E80CD023CC9DD2005E6BBB /* Project object */ = {
			isa = PBXProject;
			attributes = {
				LastSwiftUpdateCheck = 1130;
				LastUpgradeCheck = 1130;
				ORGANIZATIONNAME = JW_Macbook;
				TargetAttributes = {
					A3E80CD723CC9DD2005E6BBB = {
						CreatedOnToolsVersion = 11.3;
					};
				};
			};
			buildConfigurationList = A3E80CD323CC9DD2005E6BBB /* Build configuration list for PBXProject "AutoLayout_ClassSize" */;
			compatibilityVersion = "Xcode 9.3";
			developmentRegion = en;
			hasScannedForEncodings = 0;
			knownRegions = (
				en,
				Base,
			);
			mainGroup = A3E80CCF23CC9DD2005E6BBB;
			productRefGroup = A3E80CD923CC9DD2005E6BBB /* Products */;
			projectDirPath = "";
			projectRoot = "";
			targets = (
				A3E80CD723CC9DD2005E6BBB /* AutoLayout_ClassSize */,
			);
		};
/* End PBXProject section */

/* Begin PBXResourcesBuildPhase section */
		A3E80CD623CC9DD2005E6BBB /* Resources */ = {
			isa = PBXResourcesBuildPhase;
			buildActionMask = 2147483647;
			files = (
				A3E80CE823CC9DD3005E6BBB /* LaunchScreen.storyboard in Resources */,
				A3E80CE523CC9DD3005E6BBB /* Assets.xcassets in Resources */,
				A3E80CE323CC9DD2005E6BBB /* Main.storyboard in Resources */,
			);
			runOnlyForDeploymentPostprocessing = 0;
		};
/* End PBXResourcesBuildPhase section */

/* Begin PBXSourcesBuildPhase section */
		A3E80CD423CC9DD2005E6BBB /* Sources */ = {
			isa = PBXSourcesBuildPhase;
			buildActionMask = 2147483647;
			files = (
				A3E80CE023CC9DD2005E6BBB /* ViewController.swift in Sources */,
				A3E80CDC23CC9DD2005E6BBB /* AppDelegate.swift in Sources */,
				A3E80CDE23CC9DD2005E6BBB /* SceneDelegate.swift in Sources */,
			);
			runOnlyForDeploymentPostprocessing = 0;
		};
/* End PBXSourcesBuildPhase section */

/* Begin PBXVariantGroup section */
		A3E80CE123CC9DD2005E6BBB /* Main.storyboard */ = {
			isa = PBXVariantGroup;
			children = (
				A3E80CE223CC9DD2005E6BBB /* Base */,
			);
			name = Main.storyboard;
			sourceTree = "<group>";
		};
		A3E80CE623CC9DD3005E6BBB /* LaunchScreen.storyboard */ = {
			isa = PBXVariantGroup;
			children = (
				A3E80CE723CC9DD3005E6BBB /* Base */,
			);
			name = LaunchScreen.storyboard;
			sourceTree = "<group>";
		};
/* End PBXVariantGroup section */

/* Begin XCBuildConfiguration section */
		A3E80CEA23CC9DD3005E6BBB /* Debug */ = {
			isa = XCBuildConfiguration;
			buildSettings = {
				ALWAYS_SEARCH_USER_PATHS = NO;
				CLANG_ANALYZER_NONNULL = YES;
				CLANG_ANALYZER_NUMBER_OBJECT_CONVERSION = YES_AGGRESSIVE;
				CLANG_CXX_LANGUAGE_STANDARD = "gnu++14";
				CLANG_CXX_LIBRARY = "libc++";
				CLANG_ENABLE_MODULES = YES;
				CLANG_ENABLE_OBJC_ARC = YES;
				CLANG_ENABLE_OBJC_WEAK = YES;
				CLANG_WARN_BLOCK_CAPTURE_AUTORELEASING = YES;
				CLANG_WARN_BOOL_CONVERSION = YES;
				CLANG_WARN_COMMA = YES;
				CLANG_WARN_CONSTANT_CONVERSION = YES;
				CLANG_WARN_DEPRECATED_OBJC_IMPLEMENTATIONS = YES;
				CLANG_WARN_DIRECT_OBJC_ISA_USAGE = YES_ERROR;
				CLANG_WARN_DOCUMENTATION_COMMENTS = YES;
				CLANG_WARN_EMPTY_BODY = YES;
				CLANG_WARN_ENUM_CONVERSION = YES;
				CLANG_WARN_INFINITE_RECURSION = YES;
				CLANG_WARN_INT_CONVERSION = YES;
				CLANG_WARN_NON_LITERAL_NULL_CONVERSION = YES;
				CLANG_WARN_OBJC_IMPLICIT_RETAIN_SELF = YES;
				CLANG_WARN_OBJC_LITERAL_CONVERSION = YES;
				CLANG_WARN_OBJC_ROOT_CLASS = YES_ERROR;
				CLANG_WARN_RANGE_LOOP_ANALYSIS = YES;
				CLANG_WARN_STRICT_PROTOTYPES = YES;
				CLANG_WARN_SUSPICIOUS_MOVE = YES;
				CLANG_WARN_UNGUARDED_AVAILABILITY = YES_AGGRESSIVE;
				CLANG_WARN_UNREACHABLE_CODE = YES;
				CLANG_WARN__DUPLICATE_METHOD_MATCH = YES;
				COPY_PHASE_STRIP = NO;
				DEBUG_INFORMATION_FORMAT = dwarf;
				ENABLE_STRICT_OBJC_MSGSEND = YES;
				ENABLE_TESTABILITY = YES;
				GCC_C_LANGUAGE_STANDARD = gnu11;
				GCC_DYNAMIC_NO_PIC = NO;
				GCC_NO_COMMON_BLOCKS = YES;
				GCC_OPTIMIZATION_LEVEL = 0;
				GCC_PREPROCESSOR_DEFINITIONS = (
					"DEBUG=1",
					"$(inherited)",
				);
				GCC_WARN_64_TO_32_BIT_CONVERSION = YES;
				GCC_WARN_ABOUT_RETURN_TYPE = YES_ERROR;
				GCC_WARN_UNDECLARED_SELECTOR = YES;
				GCC_WARN_UNINITIALIZED_AUTOS = YES_AGGRESSIVE;
				GCC_WARN_UNUSED_FUNCTION = YES;
				GCC_WARN_UNUSED_VARIABLE = YES;
				IPHONEOS_DEPLOYMENT_TARGET = 13.2;
				MTL_ENABLE_DEBUG_INFO = INCLUDE_SOURCE;
				MTL_FAST_MATH = YES;
				ONLY_ACTIVE_ARCH = YES;
				SDKROOT = iphoneos;
				SWIFT_ACTIVE_COMPILATION_CONDITIONS = DEBUG;
				SWIFT_OPTIMIZATION_LEVEL = "-Onone";
			};
			name = Debug;
		};
		A3E80CEB23CC9DD3005E6BBB /* Release */ = {
			isa = XCBuildConfiguration;
			buildSettings = {
				ALWAYS_SEARCH_USER_PATHS = NO;
				CLANG_ANALYZER_NONNULL = YES;
				CLANG_ANALYZER_NUMBER_OBJECT_CONVERSION = YES_AGGRESSIVE;
				CLANG_CXX_LANGUAGE_STANDARD = "gnu++14";
				CLANG_CXX_LIBRARY = "libc++";
				CLANG_ENABLE_MODULES = YES;
				CLANG_ENABLE_OBJC_ARC = YES;
				CLANG_ENABLE_OBJC_WEAK = YES;
				CLANG_WARN_BLOCK_CAPTURE_AUTORELEASING = YES;
				CLANG_WARN_BOOL_CONVERSION = YES;
				CLANG_WARN_COMMA = YES;
				CLANG_WARN_CONSTANT_CONVERSION = YES;
				CLANG_WARN_DEPRECATED_OBJC_IMPLEMENTATIONS = YES;
				CLANG_WARN_DIRECT_OBJC_ISA_USAGE = YES_ERROR;
				CLANG_WARN_DOCUMENTATION_COMMENTS = YES;
				CLANG_WARN_EMPTY_BODY = YES;
				CLANG_WARN_ENUM_CONVERSION = YES;
				CLANG_WARN_INFINITE_RECURSION = YES;
				CLANG_WARN_INT_CONVERSION = YES;
				CLANG_WARN_NON_LITERAL_NULL_CONVERSION = YES;
				CLANG_WARN_OBJC_IMPLICIT_RETAIN_SELF = YES;
				CLANG_WARN_OBJC_LITERAL_CONVERSION = YES;
				CLANG_WARN_OBJC_ROOT_CLASS = YES_ERROR;
				CLANG_WARN_RANGE_LOOP_ANALYSIS = YES;
				CLANG_WARN_STRICT_PROTOTYPES = YES;
				CLANG_WARN_SUSPICIOUS_MOVE = YES;
				CLANG_WARN_UNGUARDED_AVAILABILITY = YES_AGGRESSIVE;
				CLANG_WARN_UNREACHABLE_CODE = YES;
				CLANG_WARN__DUPLICATE_METHOD_MATCH = YES;
				COPY_PHASE_STRIP = NO;
				DEBUG_INFORMATION_FORMAT = "dwarf-with-dsym";
				ENABLE_NS_ASSERTIONS = NO;
				ENABLE_STRICT_OBJC_MSGSEND = YES;
				GCC_C_LANGUAGE_STANDARD = gnu11;
				GCC_NO_COMMON_BLOCKS = YES;
				GCC_WARN_64_TO_32_BIT_CONVERSION = YES;
				GCC_WARN_ABOUT_RETURN_TYPE = YES_ERROR;
				GCC_WARN_UNDECLARED_SELECTOR = YES;
				GCC_WARN_UNINITIALIZED_AUTOS = YES_AGGRESSIVE;
				GCC_WARN_UNUSED_FUNCTION = YES;
				GCC_WARN_UNUSED_VARIABLE = YES;
				IPHONEOS_DEPLOYMENT_TARGET = 13.2;
				MTL_ENABLE_DEBUG_INFO = NO;
				MTL_FAST_MATH = YES;
				SDKROOT = iphoneos;
				SWIFT_COMPILATION_MODE = wholemodule;
				SWIFT_OPTIMIZATION_LEVEL = "-O";
				VALIDATE_PRODUCT = YES;
			};
			name = Release;
		};
		A3E80CED23CC9DD3005E6BBB /* Debug */ = {
			isa = XCBuildConfiguration;
			buildSettings = {
				ASSETCATALOG_COMPILER_APPICON_NAME = AppIcon;
				CODE_SIGN_STYLE = Automatic;
				DEVELOPMENT_TEAM = 6X255DSFKG;
				INFOPLIST_FILE = AutoLayout_ClassSize/Info.plist;
				LD_RUNPATH_SEARCH_PATHS = (
					"$(inherited)",
					"@executable_path/Frameworks",
				);
				PRODUCT_BUNDLE_IDENTIFIER = "-.-.AutoLayout-ClassSize";
				PRODUCT_NAME = "$(TARGET_NAME)";
				SWIFT_VERSION = 5.0;
				TARGETED_DEVICE_FAMILY = "1,2";
			};
			name = Debug;
		};
		A3E80CEE23CC9DD3005E6BBB /* Release */ = {
			isa = XCBuildConfiguration;
			buildSettings = {
				ASSETCATALOG_COMPILER_APPICON_NAME = AppIcon;
				CODE_SIGN_STYLE = Automatic;
				DEVELOPMENT_TEAM = 6X255DSFKG;
				INFOPLIST_FILE = AutoLayout_ClassSize/Info.plist;
				LD_RUNPATH_SEARCH_PATHS = (
					"$(inherited)",
					"@executable_path/Frameworks",
				);
				PRODUCT_BUNDLE_IDENTIFIER = "-.-.AutoLayout-ClassSize";
				PRODUCT_NAME = "$(TARGET_NAME)";
				SWIFT_VERSION = 5.0;
				TARGETED_DEVICE_FAMILY = "1,2";
			};
			name = Release;
		};
/* End XCBuildConfiguration section */

/* Begin XCConfigurationList section */
		A3E80CD323CC9DD2005E6BBB /* Build configuration list for PBXProject "AutoLayout_ClassSize" */ = {
			isa = XCConfigurationList;
			buildConfigurations = (
				A3E80CEA23CC9DD3005E6BBB /* Debug */,
				A3E80CEB23CC9DD3005E6BBB /* Release */,
			);
			defaultConfigurationIsVisible = 0;
			defaultConfigurationName = Release;
		};
		A3E80CEC23CC9DD3005E6BBB /* Build configuration list for PBXNativeTarget "AutoLayout_ClassSize" */ = {
			isa = XCConfigurationList;
			buildConfigurations = (
				A3E80CED23CC9DD3005E6BBB /* Debug */,
				A3E80CEE23CC9DD3005E6BBB /* Release */,
			);
			defaultConfigurationIsVisible = 0;
			defaultConfigurationName = Release;
		};
/* End XCConfigurationList section */
	};
	rootObject = A3E80CD023CC9DD2005E6BBB /* Project object */;
}
